// !$*UTF8*$!
{
	archiveVersion = 1;
	classes = {
	};
	objectVersion = 48;
	objects = {

/* Begin PBXBuildFile section */
		BA9256CB206BA1A300B6CAB4 /* AppDelegate.m in Sources */ = {isa = PBXBuildFile; fileRef = BA9256CA206BA1A300B6CAB4 /* AppDelegate.m */; };
		BA9256CE206BA1A300B6CAB4 /* ViewController.m in Sources */ = {isa = PBXBuildFile; fileRef = BA9256CD206BA1A300B6CAB4 /* ViewController.m */; };
		BA9256D1206BA1A300B6CAB4 /* Main.storyboard in Resources */ = {isa = PBXBuildFile; fileRef = BA9256CF206BA1A300B6CAB4 /* Main.storyboard */; };
		BA9256D3206BA1A300B6CAB4 /* Assets.xcassets in Resources */ = {isa = PBXBuildFile; fileRef = BA9256D2206BA1A300B6CAB4 /* Assets.xcassets */; };
		BA9256D6206BA1A300B6CAB4 /* LaunchScreen.storyboard in Resources */ = {isa = PBXBuildFile; fileRef = BA9256D4206BA1A300B6CAB4 /* LaunchScreen.storyboard */; };
		BA9256D9206BA1A300B6CAB4 /* main.m in Sources */ = {isa = PBXBuildFile; fileRef = BA9256D8206BA1A300B6CAB4 /* main.m */; };
		BA9256E2206BA1DA00B6CAB4 /* HPickerViewController.m in Sources */ = {isa = PBXBuildFile; fileRef = BA9256E0206BA1DA00B6CAB4 /* HPickerViewController.m */; };
		BA9256E6206BA2C700B6CAB4 /* MyModel.m in Sources */ = {isa = PBXBuildFile; fileRef = BA9256E5206BA2C700B6CAB4 /* MyModel.m */; };
/* End PBXBuildFile section */

/* Begin PBXFileReference section */
		BA9256C6206BA1A300B6CAB4 /* HPickerViewDemo.app */ = {isa = PBXFileReference; explicitFileType = wrapper.application; includeInIndex = 0; path = HPickerViewDemo.app; sourceTree = BUILT_PRODUCTS_DIR; };
		BA9256C9206BA1A300B6CAB4 /* AppDelegate.h */ = {isa = PBXFileReference; lastKnownFileType = sourcecode.c.h; path = AppDelegate.h; sourceTree = "<group>"; };
		BA9256CA206BA1A300B6CAB4 /* AppDelegate.m */ = {isa = PBXFileReference; lastKnownFileType = sourcecode.c.objc; path = AppDelegate.m; sourceTree = "<group>"; };
		BA9256CC206BA1A300B6CAB4 /* ViewController.h */ = {isa = PBXFileReference; lastKnownFileType = sourcecode.c.h; path = ViewController.h; sourceTree = "<group>"; };
		BA9256CD206BA1A300B6CAB4 /* ViewController.m */ = {isa = PBXFileReference; lastKnownFileType = sourcecode.c.objc; path = ViewController.m; sourceTree = "<group>"; };
		BA9256D0206BA1A300B6CAB4 /* Base */ = {isa = PBXFileReference; lastKnownFileType = file.storyboard; name = Base; path = Base.lproj/Main.storyboard; sourceTree = "<group>"; };
		BA9256D2206BA1A300B6CAB4 /* Assets.xcassets */ = {isa = PBXFileReference; lastKnownFileType = folder.assetcatalog; path = Assets.xcassets; sourceTree = "<group>"; };
		BA9256D5206BA1A300B6CAB4 /* Base */ = {isa = PBXFileReference; lastKnownFileType = file.storyboard; name = Base; path = Base.lproj/LaunchScreen.storyboard; sourceTree = "<group>"; };
		BA9256D7206BA1A300B6CAB4 /* Info.plist */ = {isa = PBXFileReference; lastKnownFileType = text.plist.xml; path = Info.plist; sourceTree = "<group>"; };
		BA9256D8206BA1A300B6CAB4 /* main.m */ = {isa = PBXFileReference; lastKnownFileType = sourcecode.c.objc; path = main.m; sourceTree = "<group>"; };
		BA9256E0206BA1DA00B6CAB4 /* HPickerViewController.m */ = {isa = PBXFileReference; fileEncoding = 4; lastKnownFileType = sourcecode.c.objc; path = HPickerViewController.m; sourceTree = "<group>"; };
		BA9256E1206BA1DA00B6CAB4 /* HPickerViewController.h */ = {isa = PBXFileReference; fileEncoding = 4; lastKnownFileType = sourcecode.c.h; path = HPickerViewController.h; sourceTree = "<group>"; };
		BA9256E4206BA2C700B6CAB4 /* MyModel.h */ = {isa = PBXFileReference; lastKnownFileType = sourcecode.c.h; path = MyModel.h; sourceTree = "<group>"; };
		BA9256E5206BA2C700B6CAB4 /* MyModel.m */ = {isa = PBXFileReference; lastKnownFileType = sourcecode.c.objc; path = MyModel.m; sourceTree = "<group>"; };
/* End PBXFileReference section */

/* Begin PBXFrameworksBuildPhase section */
		BA9256C3206BA1A300B6CAB4 /* Frameworks */ = {
			isa = PBXFrameworksBuildPhase;
			buildActionMask = 2147483647;
			files = (
			);
			runOnlyForDeploymentPostprocessing = 0;
		};
/* End PBXFrameworksBuildPhase section */

/* Begin PBXGroup section */
		BA9256BD206BA1A300B6CAB4 = {
			isa = PBXGroup;
			children = (
				BA9256E3206BA2AF00B6CAB4 /* Model */,
				BA9256DF206BA1AE00B6CAB4 /* HPickerView */,
				BA9256C8206BA1A300B6CAB4 /* HPickerViewDemo */,
				BA9256C7206BA1A300B6CAB4 /* Products */,
			);
			sourceTree = "<group>";
		};
		BA9256C7206BA1A300B6CAB4 /* Products */ = {
			isa = PBXGroup;
			children = (
				BA9256C6206BA1A300B6CAB4 /* HPickerViewDemo.app */,
			);
			name = Products;
			sourceTree = "<group>";
		};
		BA9256C8206BA1A300B6CAB4 /* HPickerViewDemo */ = {
			isa = PBXGroup;
			children = (
				BA9256C9206BA1A300B6CAB4 /* AppDelegate.h */,
				BA9256CA206BA1A300B6CAB4 /* AppDelegate.m */,
				BA9256CC206BA1A300B6CAB4 /* ViewController.h */,
				BA9256CD206BA1A300B6CAB4 /* ViewController.m */,
				BA9256CF206BA1A300B6CAB4 /* Main.storyboard */,
				BA9256D2206BA1A300B6CAB4 /* Assets.xcassets */,
				BA9256D4206BA1A300B6CAB4 /* LaunchScreen.storyboard */,
				BA9256D7206BA1A300B6CAB4 /* Info.plist */,
				BA9256D8206BA1A300B6CAB4 /* main.m */,
			);
			path = HPickerViewDemo;
			sourceTree = "<group>";
		};
		BA9256DF206BA1AE00B6CAB4 /* HPickerView */ = {
			isa = PBXGroup;
			children = (
				BA9256E1206BA1DA00B6CAB4 /* HPickerViewController.h */,
				BA9256E0206BA1DA00B6CAB4 /* HPickerViewController.m */,
			);
			path = HPickerView;
			sourceTree = "<group>";
		};
		BA9256E3206BA2AF00B6CAB4 /* Model */ = {
			isa = PBXGroup;
			children = (
				BA9256E4206BA2C700B6CAB4 /* MyModel.h */,
				BA9256E5206BA2C700B6CAB4 /* MyModel.m */,
			);
			path = Model;
			sourceTree = "<group>";
		};
/* End PBXGroup section */

/* Begin PBXNativeTarget section */
		BA9256C5206BA1A300B6CAB4 /* HPickerViewDemo */ = {
			isa = PBXNativeTarget;
			buildConfigurationList = BA9256DC206BA1A300B6CAB4 /* Build configuration list for PBXNativeTarget "HPickerViewDemo" */;
			buildPhases = (
				BA9256C2206BA1A300B6CAB4 /* Sources */,
				BA9256C3206BA1A300B6CAB4 /* Frameworks */,
				BA9256C4206BA1A300B6CAB4 /* Resources */,
			);
			buildRules = (
			);
			dependencies = (
			);
			name = HPickerViewDemo;
			productName = HPickerViewDemo;
			productReference = BA9256C6206BA1A300B6CAB4 /* HPickerViewDemo.app */;
			productType = "com.apple.product-type.application";
		};
/* End PBXNativeTarget section */

/* Begin PBXProject section */
		BA9256BE206BA1A300B6CAB4 /* Project object */ = {
			isa = PBXProject;
			attributes = {
				LastUpgradeCheck = 0920;
				ORGANIZATIONNAME = Hoven;
				TargetAttributes = {
					BA9256C5206BA1A300B6CAB4 = {
						CreatedOnToolsVersion = 9.2;
						ProvisioningStyle = Automatic;
					};
				};
			};
			buildConfigurationList = BA9256C1206BA1A300B6CAB4 /* Build configuration list for PBXProject "HPickerViewDemo" */;
			compatibilityVersion = "Xcode 8.0";
			developmentRegion = en;
			hasScannedForEncodings = 0;
			knownRegions = (
				en,
				Base,
			);
			mainGroup = BA9256BD206BA1A300B6CAB4;
			productRefGroup = BA9256C7206BA1A300B6CAB4 /* Products */;
			projectDirPath = "";
			projectRoot = "";
			targets = (
				BA9256C5206BA1A300B6CAB4 /* HPickerViewDemo */,
			);
		};
/* End PBXProject section */

/* Begin PBXResourcesBuildPhase section */
		BA9256C4206BA1A300B6CAB4 /* Resources */ = {
			isa = PBXResourcesBuildPhase;
			buildActionMask = 2147483647;
			files = (
				BA9256D6206BA1A300B6CAB4 /* LaunchScreen.storyboard in Resources */,
				BA9256D3206BA1A300B6CAB4 /* Assets.xcassets in Resources */,
				BA9256D1206BA1A300B6CAB4 /* Main.storyboard in Resources */,
			);
			runOnlyForDeploymentPostprocessing = 0;
		};
/* End PBXResourcesBuildPhase section */

/* Begin PBXSourcesBuildPhase section */
		BA9256C2206BA1A300B6CAB4 /* Sources */ = {
			isa = PBXSourcesBuildPhase;
			buildActionMask = 2147483647;
			files = (
				BA9256CE206BA1A300B6CAB4 /* ViewController.m in Sources */,
				BA9256E6206BA2C700B6CAB4 /* MyModel.m in Sources */,
				BA9256D9206BA1A300B6CAB4 /* main.m in Sources */,
				BA9256CB206BA1A300B6CAB4 /* AppDelegate.m in Sources */,
				BA9256E2206BA1DA00B6CAB4 /* HPickerViewController.m in Sources */,
			);
			runOnlyForDeploymentPostprocessing = 0;
		};
/* End PBXSourcesBuildPhase section */

/* Begin PBXVariantGroup section */
		BA9256CF206BA1A300B6CAB4 /* Main.storyboard */ = {
			isa = PBXVariantGroup;
			children = (
				BA9256D0206BA1A300B6CAB4 /* Base */,
			);
			name = Main.storyboard;
			sourceTree = "<group>";
		};
		BA9256D4206BA1A300B6CAB4 /* LaunchScreen.storyboard */ = {
			isa = PBXVariantGroup;
			children = (
				BA9256D5206BA1A300B6CAB4 /* Base */,
			);
			name = LaunchScreen.storyboard;
			sourceTree = "<group>";
		};
/* End PBXVariantGroup section */

/* Begin XCBuildConfiguration section */
		BA9256DA206BA1A300B6CAB4 /* Debug */ = {
			isa = XCBuildConfiguration;
			buildSettings = {
				ALWAYS_SEARCH_USER_PATHS = NO;
				CLANG_ANALYZER_NONNULL = YES;
				CLANG_ANALYZER_NUMBER_OBJECT_CONVERSION = YES_AGGRESSIVE;
				CLANG_CXX_LANGUAGE_STANDARD = "gnu++14";
				CLANG_CXX_LIBRARY = "libc++";
				CLANG_ENABLE_MODULES = YES;
				CLANG_ENABLE_OBJC_ARC = YES;
				CLANG_WARN_BLOCK_CAPTURE_AUTORELEASING = YES;
				CLANG_WARN_BOOL_CONVERSION = YES;
				CLANG_WARN_COMMA = YES;
				CLANG_WARN_CONSTANT_CONVERSION = YES;
				CLANG_WARN_DIRECT_OBJC_ISA_USAGE = YES_ERROR;
				CLANG_WARN_DOCUMENTATION_COMMENTS = YES;
				CLANG_WARN_EMPTY_BODY = YES;
				CLANG_WARN_ENUM_CONVERSION = YES;
				CLANG_WARN_INFINITE_RECURSION = YES;
				CLANG_WARN_INT_CONVERSION = YES;
				CLANG_WARN_NON_LITERAL_NULL_CONVERSION = YES;
				CLANG_WARN_OBJC_LITERAL_CONVERSION = YES;
				CLANG_WARN_OBJC_ROOT_CLASS = YES_ERROR;
				CLANG_WARN_RANGE_LOOP_ANALYSIS = YES;
				CLANG_WARN_STRICT_PROTOTYPES = YES;
				CLANG_WARN_SUSPICIOUS_MOVE = YES;
				CLANG_WARN_UNGUARDED_AVAILABILITY = YES_AGGRESSIVE;
				CLANG_WARN_UNREACHABLE_CODE = YES;
				CLANG_WARN__DUPLICATE_METHOD_MATCH = YES;
				CODE_SIGN_IDENTITY = "iPhone Developer";
				COPY_PHASE_STRIP = NO;
				DEBUG_INFORMATION_FORMAT = dwarf;
				ENABLE_STRICT_OBJC_MSGSEND = YES;
				ENABLE_TESTABILITY = YES;
				GCC_C_LANGUAGE_STANDARD = gnu11;
				GCC_DYNAMIC_NO_PIC = NO;
				GCC_NO_COMMON_BLOCKS = YES;
				GCC_OPTIMIZATION_LEVEL = 0;
				GCC_PREPROCESSOR_DEFINITIONS = (
					"DEBUG=1",
					"$(inherited)",
				);
				GCC_WARN_64_TO_32_BIT_CONVERSION = YES;
				GCC_WARN_ABOUT_RETURN_TYPE = YES_ERROR;
				GCC_WARN_UNDECLARED_SELECTOR = YES;
				GCC_WARN_UNINITIALIZED_AUTOS = YES_AGGRESSIVE;
				GCC_WARN_UNUSED_FUNCTION = YES;
				GCC_WARN_UNUSED_VARIABLE = YES;
				IPHONEOS_DEPLOYMENT_TARGET = 11.2;
				MTL_ENABLE_DEBUG_INFO = YES;
				ONLY_ACTIVE_ARCH = YES;
				SDKROOT = iphoneos;
			};
			name = Debug;
		};
		BA9256DB206BA1A300B6CAB4 /* Release */ = {
			isa = XCBuildConfiguration;
			buildSettings = {
				ALWAYS_SEARCH_USER_PATHS = NO;
				CLANG_ANALYZER_NONNULL = YES;
				CLANG_ANALYZER_NUMBER_OBJECT_CONVERSION = YES_AGGRESSIVE;
				CLANG_CXX_LANGUAGE_STANDARD = "gnu++14";
				CLANG_CXX_LIBRARY = "libc++";
				CLANG_ENABLE_MODULES = YES;
				CLANG_ENABLE_OBJC_ARC = YES;
				CLANG_WARN_BLOCK_CAPTURE_AUTORELEASING = YES;
				CLANG_WARN_BOOL_CONVERSION = YES;
				CLANG_WARN_COMMA = YES;
				CLANG_WARN_CONSTANT_CONVERSION = YES;
				CLANG_WARN_DIRECT_OBJC_ISA_USAGE = YES_ERROR;
				CLANG_WARN_DOCUMENTATION_COMMENTS = YES;
				CLANG_WARN_EMPTY_BODY = YES;
				CLANG_WARN_ENUM_CONVERSION = YES;
				CLANG_WARN_INFINITE_RECURSION = YES;
				CLANG_WARN_INT_CONVERSION = YES;
				CLANG_WARN_NON_LITERAL_NULL_CONVERSION = YES;
				CLANG_WARN_OBJC_LITERAL_CONVERSION = YES;
				CLANG_WARN_OBJC_ROOT_CLASS = YES_ERROR;
				CLANG_WARN_RANGE_LOOP_ANALYSIS = YES;
				CLANG_WARN_STRICT_PROTOTYPES = YES;
				CLANG_WARN_SUSPICIOUS_MOVE = YES;
				CLANG_WARN_UNGUARDED_AVAILABILITY = YES_AGGRESSIVE;
				CLANG_WARN_UNREACHABLE_CODE = YES;
				CLANG_WARN__DUPLICATE_METHOD_MATCH = YES;
				CODE_SIGN_IDENTITY = "iPhone Developer";
				COPY_PHASE_STRIP = NO;
				DEBUG_INFORMATION_FORMAT = "dwarf-with-dsym";
				ENABLE_NS_ASSERTIONS = NO;
				ENABLE_STRICT_OBJC_MSGSEND = YES;
				GCC_C_LANGUAGE_STANDARD = gnu11;
				GCC_NO_COMMON_BLOCKS = YES;
				GCC_WARN_64_TO_32_BIT_CONVERSION = YES;
				GCC_WARN_ABOUT_RETURN_TYPE = YES_ERROR;
				GCC_WARN_UNDECLARED_SELECTOR = YES;
				GCC_WARN_UNINITIALIZED_AUTOS = YES_AGGRESSIVE;
				GCC_WARN_UNUSED_FUNCTION = YES;
				GCC_WARN_UNUSED_VARIABLE = YES;
				IPHONEOS_DEPLOYMENT_TARGET = 11.2;
				MTL_ENABLE_DEBUG_INFO = NO;
				SDKROOT = iphoneos;
				VALIDATE_PRODUCT = YES;
			};
			name = Release;
		};
		BA9256DD206BA1A300B6CAB4 /* Debug */ = {
			isa = XCBuildConfiguration;
			buildSettings = {
				ASSETCATALOG_COMPILER_APPICON_NAME = AppIcon;
				CODE_SIGN_STYLE = Automatic;
				DEVELOPMENT_TEAM = A4VK52T7L2;
				INFOPLIST_FILE = HPickerViewDemo/Info.plist;
				LD_RUNPATH_SEARCH_PATHS = "$(inherited) @executable_path/Frameworks";
				PRODUCT_BUNDLE_IDENTIFIER = hoven.HPickerViewDemo;
				PRODUCT_NAME = "$(TARGET_NAME)";
				TARGETED_DEVICE_FAMILY = "1,2";
			};
			name = Debug;
		};
		BA9256DE206BA1A300B6CAB4 /* Release */ = {
			isa = XCBuildConfiguration;
			buildSettings = {
				ASSETCATALOG_COMPILER_APPICON_NAME = AppIcon;
				CODE_SIGN_STYLE = Automatic;
				DEVELOPMENT_TEAM = A4VK52T7L2;
				INFOPLIST_FILE = HPickerViewDemo/Info.plist;
				LD_RUNPATH_SEARCH_PATHS = "$(inherited) @executable_path/Frameworks";
				PRODUCT_BUNDLE_IDENTIFIER = hoven.HPickerViewDemo;
				PRODUCT_NAME = "$(TARGET_NAME)";
				TARGETED_DEVICE_FAMILY = "1,2";
			};
			name = Release;
		};
/* End XCBuildConfiguration section */

/* Begin XCConfigurationList section */
		BA9256C1206BA1A300B6CAB4 /* Build configuration list for PBXProject "HPickerViewDemo" */ = {
			isa = XCConfigurationList;
			buildConfigurations = (
				BA9256DA206BA1A300B6CAB4 /* Debug */,
				BA9256DB206BA1A300B6CAB4 /* Release */,
			);
			defaultConfigurationIsVisible = 0;
			defaultConfigurationName = Release;
		};
		BA9256DC206BA1A300B6CAB4 /* Build configuration list for PBXNativeTarget "HPickerViewDemo" */ = {
			isa = XCConfigurationList;
			buildConfigurations = (
				BA9256DD206BA1A300B6CAB4 /* Debug */,
				BA9256DE206BA1A300B6CAB4 /* Release */,
			);
			defaultConfigurationIsVisible = 0;
			defaultConfigurationName = Release;
		};
/* End XCConfigurationList section */
	};
	rootObject = BA9256BE206BA1A300B6CAB4 /* Project object */;
}
